
Microsoft Visual Studio Solution File, Format Version 12.00
Project("{FAE04EC0-301F-11D3-BF4B-00C04F79EFBC}") = "Alpha", "Alpha\Alpha.csproj", "{02486AB1-FCE9-428F-B532-D8ADBF28BD58}"
EndProject
Global
	GlobalSection(SolutionConfigurationPlatforms) = preSolution
		Debug|Any CPU = Debug|Any CPU
		Release|Any CPU = Release|Any CPU
	EndGlobalSection
	GlobalSection(ProjectConfigurationPlatforms) = postSolution
		{02486AB1-FCE9-428F-B532-D8ADBF28BD58}.Debug|Any CPU.ActiveCfg = Debug|Any CPU
		{02486AB1-FCE9-428F-B532-D8ADBF28BD58}.Debug|Any CPU.Build.0 = Debug|Any CPU
		{02486AB1-FCE9-428F-B532-D8ADBF28BD58}.Release|Any CPU.ActiveCfg = Release|Any CPU
		{02486AB1-FCE9-428F-B532-D8ADBF28BD58}.Release|Any CPU.Build.0 = Release|Any CPU
	EndGlobalSection
EndGlobal
